<?xml version="1.0" encoding="utf-8"?>
<Project ToolsVersion="4.0" xmlns="http://schemas.microsoft.com/developer/msbuild/2003">
  <ItemGroup>
    <Filter Include="Source Files">
      <UniqueIdentifier>{4FC737F1-C7A5-4376-A066-2A32D752A2FF}</UniqueIdentifier>
      <Extensions>cpp;c;cc;cxx;def;odl;idl;hpj;bat;asm;asmx</Extensions>
    </Filter>
    <Filter Include="Header Files">
      <UniqueIdentifier>{93995380-89BD-4b04-88EB-625FBE52EBFB}</UniqueIdentifier>
      <Extensions>h;hh;hpp;hxx;hm;inl;inc;xsd</Extensions>
    </Filter>
    <Filter Include="Resource Files">
      <UniqueIdentifier>{67DA6AB6-F800-4c08-8B7A-83BB121AAD01}</UniqueIdentifier>
      <Extensions>rc;ico;cur;bmp;dlg;rc2;rct;bin;rgs;gif;jpg;jpeg;jpe;resx;tiff;tif;png;wav;mfcribbon-ms</Extensions>
    </Filter>
  </ItemGroup>
  <ItemGroup>
    <ClCompile Include="AST.c">
      <Filter>Source Files</Filter>
    </ClCompile>
    <ClCompile Include="codeGenerator.c">
      <Filter>Source Files</Filter>
    </ClCompile>
    <ClCompile Include="compiler.c">
      <Filter>Source Files</Filter>
    </ClCompile>
    <ClCompile Include="DFA.c">
      <Filter>Source Files</Filter>
    </ClCompile>
    <ClCompile Include="driver.c">
      <Filter>Source Files</Filter>
    </ClCompile>
    <ClCompile Include="first.c">
      <Filter>Source Files</Filter>
    </ClCompile>
    <ClCompile Include="follow.c">
      <Filter>Source Files</Filter>
    </ClCompile>
    <ClCompile Include="HashTable.c">
      <Filter>Source Files</Filter>
    </ClCompile>
    <ClCompile Include="lexer.c">
      <Filter>Source Files</Filter>
    </ClCompile>
    <ClCompile Include="linklist.c">
      <Filter>Source Files</Filter>
    </ClCompile>
    <ClCompile Include="parser.c">
      <Filter>Source Files</Filter>
    </ClCompile>
    <ClCompile Include="set.c">
      <Filter>Source Files</Filter>
    </ClCompile>
    <ClCompile Include="SymbolTable.c">
      <Filter>Source Files</Filter>
    </ClCompile>
    <ClCompile Include="Tree.c">
      <Filter>Source Files</Filter>
    </ClCompile>
    <ClCompile Include="typeChecker.c">
      <Filter>Source Files</Filter>
    </ClCompile>
  </ItemGroup>
  <ItemGroup>
    <ClInclude Include="ASTDef.h">
      <Filter>Header Files</Filter>
    </ClInclude>
    <ClInclude Include="Boolean.h">
      <Filter>Header Files</Filter>
    </ClInclude>
    <ClInclude Include="AST.h">
      <Filter>Header Files</Filter>
    </ClInclude>
    <ClInclude Include="commons.h">
      <Filter>Header Files</Filter>
    </ClInclude>
    <ClInclude Include="codeGeneratorDef.h">
      <Filter>Header Files</Filter>
    </ClInclude>
    <ClInclude Include="codeGenerator.h">
      <Filter>Header Files</Filter>
    </ClInclude>
    <ClInclude Include="compiler.h">
      <Filter>Header Files</Filter>
    </ClInclude>
    <ClInclude Include="CompilerDef.h">
      <Filter>Header Files</Filter>
    </ClInclude>
    <ClInclude Include="constants.h">
      <Filter>Header Files</Filter>
    </ClInclude>
    <ClInclude Include="definitions.h">
      <Filter>Header Files</Filter>
    </ClInclude>
    <ClInclude Include="DFA.h">
      <Filter>Header Files</Filter>
    </ClInclude>
    <ClInclude Include="first.h">
      <Filter>Header Files</Filter>
    </ClInclude>
    <ClInclude Include="follow.h">
      <Filter>Header Files</Filter>
    </ClInclude>
    <ClInclude Include="HashTable.h">
      <Filter>Header Files</Filter>
    </ClInclude>
    <ClInclude Include="lexer.h">
      <Filter>Header Files</Filter>
    </ClInclude>
    <ClInclude Include="lexerDef.h">
      <Filter>Header Files</Filter>
    </ClInclude>
    <ClInclude Include="linklist.h">
      <Filter>Header Files</Filter>
    </ClInclude>
    <ClInclude Include="parser.h">
      <Filter>Header Files</Filter>
    </ClInclude>
    <ClInclude Include="parserDef.h">
      <Filter>Header Files</Filter>
    </ClInclude>
    <ClInclude Include="set.h">
      <Filter>Header Files</Filter>
    </ClInclude>
    <ClInclude Include="stdafx.h">
      <Filter>Header Files</Filter>
    </ClInclude>
    <ClInclude Include="SymbolTable.h">
      <Filter>Header Files</Filter>
    </ClInclude>
    <ClInclude Include="SymbolTableDef.h">
      <Filter>Header Files</Filter>
    </ClInclude>
    <ClInclude Include="Tree.h">
      <Filter>Header Files</Filter>
    </ClInclude>
    <ClInclude Include="typeChecker.h">
      <Filter>Header Files</Filter>
    </ClInclude>
  </ItemGroup>
  <ItemGroup>
    <Text Include="astRules.txt">
      <Filter>Resource Files</Filter>
    </Text>
    <Text Include="realGrammar.txt">
      <Filter>Resource Files</Filter>
    </Text>
    <Text Include="keywords.txt">
      <Filter>Resource Files</Filter>
    </Text>
    <Text Include="iocode.txt">
      <Filter>Resource Files</Filter>
    </Text>
  </ItemGroup>
</Project>